
Microsoft Visual Studio Solution File, Format Version 12.00
# Visual Studio Version 17
VisualStudioVersion = 17.8.34330.188
MinimumVisualStudioVersion = 10.0.40219.1
Project("{FAE04EC0-301F-11D3-BF4B-00C04F79EFBC}") = "DatingApp", "DatingApp\DatingApp.csproj", "{DEC17226-8D9C-413F-B346-3D4A1B4172EC}"
EndProject
Global
	GlobalSection(SolutionConfigurationPlatforms) = preSolution
		Debug|Any CPU = Debug|Any CPU
		Release|Any CPU = Release|Any CPU
	EndGlobalSection
	GlobalSection(ProjectConfigurationPlatforms) = postSolution
		{DEC17226-8D9C-413F-B346-3D4A1B4172EC}.Debug|Any CPU.ActiveCfg = Debug|Any CPU
		{DEC17226-8D9C-413F-B346-3D4A1B4172EC}.Debug|Any CPU.Build.0 = Debug|Any CPU
		{DEC17226-8D9C-413F-B346-3D4A1B4172EC}.Release|Any CPU.ActiveCfg = Release|Any CPU
		{DEC17226-8D9C-413F-B346-3D4A1B4172EC}.Release|Any CPU.Build.0 = Release|Any CPU
	EndGlobalSection
	GlobalSection(SolutionProperties) = preSolution
		HideSolutionNode = FALSE
	EndGlobalSection
	GlobalSection(ExtensibilityGlobals) = postSolution
		SolutionGuid = {690DD9AD-E8FD-468A-AD49-709BFE878DC2}
	EndGlobalSection
EndGlobal
